
Microsoft Visual Studio Solution File, Format Version 12.00
# Visual Studio 2013
VisualStudioVersion = 12.0.31101.0
MinimumVisualStudioVersion = 10.0.40219.1
Project("{FAE04EC0-301F-11D3-BF4B-00C04F79EFBC}") = "WeightScale.ComunicationProtocol.Tests", "WeightScale.ComunicationProtocolTests\WeightScale.ComunicationProtocol.Tests.csproj", "{21899835-0DAC-41E2-B472-11FCDF188FF7}"
EndProject
Project("{FAE04EC0-301F-11D3-BF4B-00C04F79EFBC}") = "WeightScale.ComunicationProtocol", "WeightScale.ComunicationProtocol\WeightScale.ComunicationProtocol.csproj", "{3924DB7D-CCDD-42DB-92D7-712402696BD0}"
EndProject
Project("{FAE04EC0-301F-11D3-BF4B-00C04F79EFBC}") = "WeightScale.Utility", "WeightScale.Utility\WeightScale.Utility.csproj", "{8BAEB23C-7352-40AA-8B0C-46BDDDEB7AFF}"
EndProject
Project("{FAE04EC0-301F-11D3-BF4B-00C04F79EFBC}") = "WeightScale.Domain", "WeightScale.Domain\WeightScale.Domain.csproj", "{4318F04E-487F-4603-94F8-2BA517891D30}"
EndProject
Project("{FAE04EC0-301F-11D3-BF4B-00C04F79EFBC}") = "WeightScaleSystem.ConsoleDemo", "WeightScaleSystem.ConsoleDemo\WeightScaleSystem.ConsoleDemo.csproj", "{96E89609-C3A8-4AD1-8FD8-28DD23F94F68}"
EndProject
Project("{F088123C-0E9E-452A-89E6-6BA2F21D5CAC}") = "WeightScale.Architecture", "WeightScale.Architecture\WeightScale.Architecture.modelproj", "{D4EEBD71-CEB7-407E-9E25-615F5854484A}"
EndProject
Project("{FAE04EC0-301F-11D3-BF4B-00C04F79EFBC}") = "WeightScale.Application", "WeightScale.Application\WeightScale.Application.csproj", "{F2DCFBD3-3CA1-4B73-97D0-859FF3AC2148}"
EndProject
Project("{FAE04EC0-301F-11D3-BF4B-00C04F79EFBC}") = "WeightScale.Domain.Tests", "WeigthScale.Domain.Tests\WeightScale.Domain.Tests.csproj", "{DE6BB046-9A4A-4B74-8FB7-0F5B2F1A05C4}"
EndProject
Project("{7CF6DF6D-3B04-46F8-A40B-537D21BCA0B4}") = "WeightScale.Documentation", "WeightScale.Documentation\WeightScale.Documentation.shfbproj", "{F12B9748-39E5-45D0-B65A-EFF9C4FF197A}"
EndProject
Project("{FAE04EC0-301F-11D3-BF4B-00C04F79EFBC}") = "WeightScale.WebApi", "WeightScale.WebApi\WeightScale.WebApi.csproj", "{2978B91F-A5C0-48A6-8F5B-D1ADA6FD0676}"
EndProject
Project("{FAE04EC0-301F-11D3-BF4B-00C04F79EFBC}") = "WeightScale.MeasurementWindowsService", "WeightScale.MeasurementWindowsService\WeightScale.MeasurementWindowsService.csproj", "{722212F2-48DE-4EFB-8A78-7793A69718B5}"
EndProject
Global
	GlobalSection(SolutionConfigurationPlatforms) = preSolution
		Debug|Any CPU = Debug|Any CPU
		Release|Any CPU = Release|Any CPU
	EndGlobalSection
	GlobalSection(ProjectConfigurationPlatforms) = postSolution
		{21899835-0DAC-41E2-B472-11FCDF188FF7}.Debug|Any CPU.ActiveCfg = Debug|Any CPU
		{21899835-0DAC-41E2-B472-11FCDF188FF7}.Debug|Any CPU.Build.0 = Debug|Any CPU
		{21899835-0DAC-41E2-B472-11FCDF188FF7}.Release|Any CPU.ActiveCfg = Release|Any CPU
		{21899835-0DAC-41E2-B472-11FCDF188FF7}.Release|Any CPU.Build.0 = Release|Any CPU
		{3924DB7D-CCDD-42DB-92D7-712402696BD0}.Debug|Any CPU.ActiveCfg = Debug|Any CPU
		{3924DB7D-CCDD-42DB-92D7-712402696BD0}.Debug|Any CPU.Build.0 = Debug|Any CPU
		{3924DB7D-CCDD-42DB-92D7-712402696BD0}.Release|Any CPU.ActiveCfg = Release|Any CPU
		{3924DB7D-CCDD-42DB-92D7-712402696BD0}.Release|Any CPU.Build.0 = Release|Any CPU
		{8BAEB23C-7352-40AA-8B0C-46BDDDEB7AFF}.Debug|Any CPU.ActiveCfg = Debug|Any CPU
		{8BAEB23C-7352-40AA-8B0C-46BDDDEB7AFF}.Debug|Any CPU.Build.0 = Debug|Any CPU
		{8BAEB23C-7352-40AA-8B0C-46BDDDEB7AFF}.Release|Any CPU.ActiveCfg = Release|Any CPU
		{8BAEB23C-7352-40AA-8B0C-46BDDDEB7AFF}.Release|Any CPU.Build.0 = Release|Any CPU
		{4318F04E-487F-4603-94F8-2BA517891D30}.Debug|Any CPU.ActiveCfg = Debug|Any CPU
		{4318F04E-487F-4603-94F8-2BA517891D30}.Debug|Any CPU.Build.0 = Debug|Any CPU
		{4318F04E-487F-4603-94F8-2BA517891D30}.Release|Any CPU.ActiveCfg = Release|Any CPU
		{4318F04E-487F-4603-94F8-2BA517891D30}.Release|Any CPU.Build.0 = Release|Any CPU
		{96E89609-C3A8-4AD1-8FD8-28DD23F94F68}.Debug|Any CPU.ActiveCfg = Debug|Any CPU
		{96E89609-C3A8-4AD1-8FD8-28DD23F94F68}.Debug|Any CPU.Build.0 = Debug|Any CPU
		{96E89609-C3A8-4AD1-8FD8-28DD23F94F68}.Release|Any CPU.ActiveCfg = Release|Any CPU
		{96E89609-C3A8-4AD1-8FD8-28DD23F94F68}.Release|Any CPU.Build.0 = Release|Any CPU
		{D4EEBD71-CEB7-407E-9E25-615F5854484A}.Debug|Any CPU.ActiveCfg = Debug|Any CPU
		{D4EEBD71-CEB7-407E-9E25-615F5854484A}.Debug|Any CPU.Build.0 = Debug|Any CPU
		{D4EEBD71-CEB7-407E-9E25-615F5854484A}.Release|Any CPU.ActiveCfg = Release|Any CPU
		{D4EEBD71-CEB7-407E-9E25-615F5854484A}.Release|Any CPU.Build.0 = Release|Any CPU
		{F2DCFBD3-3CA1-4B73-97D0-859FF3AC2148}.Debug|Any CPU.ActiveCfg = Debug|Any CPU
		{F2DCFBD3-3CA1-4B73-97D0-859FF3AC2148}.Debug|Any CPU.Build.0 = Debug|Any CPU
		{F2DCFBD3-3CA1-4B73-97D0-859FF3AC2148}.Release|Any CPU.ActiveCfg = Release|Any CPU
		{F2DCFBD3-3CA1-4B73-97D0-859FF3AC2148}.Release|Any CPU.Build.0 = Release|Any CPU
		{DE6BB046-9A4A-4B74-8FB7-0F5B2F1A05C4}.Debug|Any CPU.ActiveCfg = Debug|Any CPU
		{DE6BB046-9A4A-4B74-8FB7-0F5B2F1A05C4}.Debug|Any CPU.Build.0 = Debug|Any CPU
		{DE6BB046-9A4A-4B74-8FB7-0F5B2F1A05C4}.Release|Any CPU.ActiveCfg = Release|Any CPU
		{DE6BB046-9A4A-4B74-8FB7-0F5B2F1A05C4}.Release|Any CPU.Build.0 = Release|Any CPU
		{F12B9748-39E5-45D0-B65A-EFF9C4FF197A}.Debug|Any CPU.ActiveCfg = Debug|Any CPU
		{F12B9748-39E5-45D0-B65A-EFF9C4FF197A}.Debug|Any CPU.Build.0 = Debug|Any CPU
		{F12B9748-39E5-45D0-B65A-EFF9C4FF197A}.Release|Any CPU.ActiveCfg = Release|Any CPU
		{F12B9748-39E5-45D0-B65A-EFF9C4FF197A}.Release|Any CPU.Build.0 = Release|Any CPU
		{2978B91F-A5C0-48A6-8F5B-D1ADA6FD0676}.Debug|Any CPU.ActiveCfg = Debug|Any CPU
		{2978B91F-A5C0-48A6-8F5B-D1ADA6FD0676}.Debug|Any CPU.Build.0 = Debug|Any CPU
		{2978B91F-A5C0-48A6-8F5B-D1ADA6FD0676}.Release|Any CPU.ActiveCfg = Release|Any CPU
		{2978B91F-A5C0-48A6-8F5B-D1ADA6FD0676}.Release|Any CPU.Build.0 = Release|Any CPU
		{722212F2-48DE-4EFB-8A78-7793A69718B5}.Debug|Any CPU.ActiveCfg = Debug|Any CPU
		{722212F2-48DE-4EFB-8A78-7793A69718B5}.Debug|Any CPU.Build.0 = Debug|Any CPU
		{722212F2-48DE-4EFB-8A78-7793A69718B5}.Release|Any CPU.ActiveCfg = Release|Any CPU
		{722212F2-48DE-4EFB-8A78-7793A69718B5}.Release|Any CPU.Build.0 = Release|Any CPU
	EndGlobalSection
	GlobalSection(SolutionProperties) = preSolution
		HideSolutionNode = FALSE
	EndGlobalSection
EndGlobal
